
Microsoft Visual Studio Solution File, Format Version 12.00
# Visual Studio Version 16
VisualStudioVersion = 16.0.29911.84
MinimumVisualStudioVersion = 10.0.40219.1
Project("{FAE04EC0-301F-11D3-BF4B-00C04F79EFBC}") = "AutomationPractice", "AutomationPractice.csproj", "{BBE052C4-2714-47C2-A0D5-458AF66929D9}"
EndProject
Project("{FAE04EC0-301F-11D3-BF4B-00C04F79EFBC}") = "APITests", "..\APITests\APITests.csproj", "{A8E429EC-2E55-40B0-9229-2B4DDE4D52A8}"
EndProject
Project("{FAE04EC0-301F-11D3-BF4B-00C04F79EFBC}") = "CommonLibrary", "..\CommonLibrary\CommonLibrary.csproj", "{C8FA1AF8-4570-4466-AA52-8096EA83A0A7}"
EndProject
Global
	GlobalSection(SolutionConfigurationPlatforms) = preSolution
		Debug|Any CPU = Debug|Any CPU
		Release|Any CPU = Release|Any CPU
	EndGlobalSection
	GlobalSection(ProjectConfigurationPlatforms) = postSolution
		{BBE052C4-2714-47C2-A0D5-458AF66929D9}.Debug|Any CPU.ActiveCfg = Debug|Any CPU
		{BBE052C4-2714-47C2-A0D5-458AF66929D9}.Debug|Any CPU.Build.0 = Debug|Any CPU
		{BBE052C4-2714-47C2-A0D5-458AF66929D9}.Release|Any CPU.ActiveCfg = Release|Any CPU
		{BBE052C4-2714-47C2-A0D5-458AF66929D9}.Release|Any CPU.Build.0 = Release|Any CPU
		{A8E429EC-2E55-40B0-9229-2B4DDE4D52A8}.Debug|Any CPU.ActiveCfg = Debug|Any CPU
		{A8E429EC-2E55-40B0-9229-2B4DDE4D52A8}.Debug|Any CPU.Build.0 = Debug|Any CPU
		{A8E429EC-2E55-40B0-9229-2B4DDE4D52A8}.Release|Any CPU.ActiveCfg = Release|Any CPU
		{A8E429EC-2E55-40B0-9229-2B4DDE4D52A8}.Release|Any CPU.Build.0 = Release|Any CPU
		{C8FA1AF8-4570-4466-AA52-8096EA83A0A7}.Debug|Any CPU.ActiveCfg = Debug|Any CPU
		{C8FA1AF8-4570-4466-AA52-8096EA83A0A7}.Debug|Any CPU.Build.0 = Debug|Any CPU
		{C8FA1AF8-4570-4466-AA52-8096EA83A0A7}.Release|Any CPU.ActiveCfg = Release|Any CPU
		{C8FA1AF8-4570-4466-AA52-8096EA83A0A7}.Release|Any CPU.Build.0 = Release|Any CPU
	EndGlobalSection
	GlobalSection(SolutionProperties) = preSolution
		HideSolutionNode = FALSE
	EndGlobalSection
	GlobalSection(ExtensibilityGlobals) = postSolution
		SolutionGuid = {70EFA8B1-4453-4321-B19E-71761AE74A2C}
	EndGlobalSection
EndGlobal
